
Microsoft Visual Studio Solution File, Format Version 12.00
Project("{FAE04EC0-301F-11D3-BF4B-00C04F79EFBC}") = "CarShop.Host", "CarShop.Host\CarShop.Host.csproj", "{82CD134D-1CA6-4A84-B02B-65C8041F61C8}"
EndProject
Global
	GlobalSection(SolutionConfigurationPlatforms) = preSolution
		Debug|Any CPU = Debug|Any CPU
		Release|Any CPU = Release|Any CPU
	EndGlobalSection
	GlobalSection(ProjectConfigurationPlatforms) = postSolution
		{82CD134D-1CA6-4A84-B02B-65C8041F61C8}.Debug|Any CPU.ActiveCfg = Debug|Any CPU
		{82CD134D-1CA6-4A84-B02B-65C8041F61C8}.Debug|Any CPU.Build.0 = Debug|Any CPU
		{82CD134D-1CA6-4A84-B02B-65C8041F61C8}.Release|Any CPU.ActiveCfg = Release|Any CPU
		{82CD134D-1CA6-4A84-B02B-65C8041F61C8}.Release|Any CPU.Build.0 = Release|Any CPU
	EndGlobalSection
EndGlobal
